
Microsoft Visual Studio Solution File, Format Version 12.00
# Visual Studio 15
VisualStudioVersion = 15.0.28307.489
MinimumVisualStudioVersion = 10.0.40219.1
Project("{FAE04EC0-301F-11D3-BF4B-00C04F79EFBC}") = "AppInsightsDemo", "AppInsightsDemo\AppInsightsDemos.csproj", "{FBEC05D2-0842-47D0-977F-62F11DE6A15E}"
EndProject
Global
	GlobalSection(SolutionConfigurationPlatforms) = preSolution
		Debug|Any CPU = Debug|Any CPU
		Release|Any CPU = Release|Any CPU
	EndGlobalSection
	GlobalSection(ProjectConfigurationPlatforms) = postSolution
		{FBEC05D2-0842-47D0-977F-62F11DE6A15E}.Debug|Any CPU.ActiveCfg = Debug|Any CPU
		{FBEC05D2-0842-47D0-977F-62F11DE6A15E}.Debug|Any CPU.Build.0 = Debug|Any CPU
		{FBEC05D2-0842-47D0-977F-62F11DE6A15E}.Release|Any CPU.ActiveCfg = Release|Any CPU
		{FBEC05D2-0842-47D0-977F-62F11DE6A15E}.Release|Any CPU.Build.0 = Release|Any CPU
	EndGlobalSection
	GlobalSection(SolutionProperties) = preSolution
		HideSolutionNode = FALSE
	EndGlobalSection
	GlobalSection(ExtensibilityGlobals) = postSolution
		SolutionGuid = {4D036ADC-DE3C-47A2-9939-63BCEDA03962}
	EndGlobalSection
EndGlobal
